
Microsoft Visual Studio Solution File, Format Version 12.00
# Visual Studio 2013
VisualStudioVersion = 12.0.21005.1
MinimumVisualStudioVersion = 10.0.40219.1
Project("{2150E333-8FDC-42A3-9474-1A3956D46DE8}") = "Configuration Samples", "Configuration Samples", "{32A3CB8D-6A28-4691-AFF2-A0A917BDC157}"
EndProject
Project("{FAE04EC0-301F-11D3-BF4B-00C04F79EFBC}") = "ConfigurationSample", "ConfigurationSample\ConfigurationSample.csproj", "{A9D5D052-405F-49A5-A0A9-13CDD928F567}"
EndProject
Global
	GlobalSection(SolutionConfigurationPlatforms) = preSolution
		Debug|Any CPU = Debug|Any CPU
		Release|Any CPU = Release|Any CPU
	EndGlobalSection
	GlobalSection(ProjectConfigurationPlatforms) = postSolution
		{A9D5D052-405F-49A5-A0A9-13CDD928F567}.Debug|Any CPU.ActiveCfg = Debug|Any CPU
		{A9D5D052-405F-49A5-A0A9-13CDD928F567}.Debug|Any CPU.Build.0 = Debug|Any CPU
		{A9D5D052-405F-49A5-A0A9-13CDD928F567}.Release|Any CPU.ActiveCfg = Release|Any CPU
		{A9D5D052-405F-49A5-A0A9-13CDD928F567}.Release|Any CPU.Build.0 = Release|Any CPU
	EndGlobalSection
	GlobalSection(SolutionProperties) = preSolution
		HideSolutionNode = FALSE
	EndGlobalSection
	GlobalSection(NestedProjects) = preSolution
		{A9D5D052-405F-49A5-A0A9-13CDD928F567} = {32A3CB8D-6A28-4691-AFF2-A0A917BDC157}
	EndGlobalSection
EndGlobal
